
Microsoft Visual Studio Solution File, Format Version 12.00
# Visual Studio 15
VisualStudioVersion = 15.0.27428.1
MinimumVisualStudioVersion = 10.0.40219.1
Project("{8BC9CEB8-8B4A-11D0-8D11-00A0C91BC942}") = "sp_pr1", "sp_pr1\sp_pr1.vcxproj", "{CF8064CA-EFA1-4F64-BACE-8372790170B0}"
EndProject
Project("{8BC9CEB8-8B4A-11D0-8D11-00A0C91BC942}") = "SP _ Pr 1_ Simple", "SP _ Pr 1_ Simple\SP _ Pr 1_ Simple.vcxproj", "{26137441-28A0-451B-82C4-6D05A3383ABA}"
EndProject
Global
	GlobalSection(SolutionConfigurationPlatforms) = preSolution
		Debug|x64 = Debug|x64
		Debug|x86 = Debug|x86
		Release|x64 = Release|x64
		Release|x86 = Release|x86
	EndGlobalSection
	GlobalSection(ProjectConfigurationPlatforms) = postSolution
		{CF8064CA-EFA1-4F64-BACE-8372790170B0}.Debug|x64.ActiveCfg = Debug|x64
		{CF8064CA-EFA1-4F64-BACE-8372790170B0}.Debug|x64.Build.0 = Debug|x64
		{CF8064CA-EFA1-4F64-BACE-8372790170B0}.Debug|x86.ActiveCfg = Debug|Win32
		{CF8064CA-EFA1-4F64-BACE-8372790170B0}.Release|x64.ActiveCfg = Release|x64
		{CF8064CA-EFA1-4F64-BACE-8372790170B0}.Release|x64.Build.0 = Release|x64
		{CF8064CA-EFA1-4F64-BACE-8372790170B0}.Release|x86.ActiveCfg = Release|Win32
		{CF8064CA-EFA1-4F64-BACE-8372790170B0}.Release|x86.Build.0 = Release|Win32
		{26137441-28A0-451B-82C4-6D05A3383ABA}.Debug|x64.ActiveCfg = Debug|x64
		{26137441-28A0-451B-82C4-6D05A3383ABA}.Debug|x64.Build.0 = Debug|x64
		{26137441-28A0-451B-82C4-6D05A3383ABA}.Debug|x86.ActiveCfg = Debug|Win32
		{26137441-28A0-451B-82C4-6D05A3383ABA}.Debug|x86.Build.0 = Debug|Win32
		{26137441-28A0-451B-82C4-6D05A3383ABA}.Release|x64.ActiveCfg = Release|x64
		{26137441-28A0-451B-82C4-6D05A3383ABA}.Release|x64.Build.0 = Release|x64
		{26137441-28A0-451B-82C4-6D05A3383ABA}.Release|x86.ActiveCfg = Release|Win32
		{26137441-28A0-451B-82C4-6D05A3383ABA}.Release|x86.Build.0 = Release|Win32
	EndGlobalSection
	GlobalSection(SolutionProperties) = preSolution
		HideSolutionNode = FALSE
	EndGlobalSection
	GlobalSection(ExtensibilityGlobals) = postSolution
		SolutionGuid = {CE762B76-3C89-499B-840E-3881EA7FFCD8}
	EndGlobalSection
EndGlobal
